{"format_version":"1.0","provider_schemas":{"registry.terraform.io/archestra-ai/archestra":{"provider":{"version":0,"block":{"attributes":{"api_key":{"type":"string","description":"The API key for authentication. May also be provided via the ARCHESTRA_API_KEY environment variable.","description_kind":"markdown","optional":true,"sensitive":true},"base_url":{"type":"string","description":"The base URL for the Archestra API. May also be provided via the ARCHESTRA_BASE_URL environment variable.","description_kind":"markdown","optional":true}},"description":"The Archestra provider is used to interact with Archestra resources. The provider needs to be configured with the proper credentials before it can be used.","description_kind":"markdown"}},"resource_schemas":{"archestra_chat_llm_provider_api_key":{"version":0,"block":{"attributes":{"api_key":{"type":"string","description":"The API key value","description_kind":"markdown","required":true,"sensitive":true},"id":{"type":"string","description":"Chat LLM Provider API key identifier","description_kind":"markdown","computed":true},"is_organization_default":{"type":"bool","description":"Whether this API key is the organization default for the provider","description_kind":"markdown","optional":true,"computed":true},"llm_provider":{"type":"string","description":"LLM provider for this API key","description_kind":"markdown","required":true},"name":{"type":"string","description":"Name of the API key","description_kind":"markdown","required":true}},"description":"Manages Chat LLM Provider API keys in Archestra.","description_kind":"markdown"}},"archestra_dual_llm_config":{"version":0,"block":{"attributes":{"created_at":{"type":"string","description":"Timestamp when the config was created","description_kind":"markdown","computed":true},"enabled":{"type":"bool","description":"Whether the dual LLM config is enabled","description_kind":"markdown","optional":true,"computed":true},"id":{"type":"string","description":"Dual LLM Config identifier","description_kind":"markdown","computed":true},"main_agent_prompt":{"type":"string","description":"Prompt for the main agent","description_kind":"markdown","required":true},"max_rounds":{"type":"number","description":"Maximum number of rounds","description_kind":"markdown","optional":true,"computed":true},"quarantined_agent_prompt":{"type":"string","description":"Prompt for the quarantined agent","description_kind":"markdown","required":true},"summary_prompt":{"type":"string","description":"Prompt for the summary","description_kind":"markdown","required":true},"updated_at":{"type":"string","description":"Timestamp when the config was last updated","description_kind":"markdown","computed":true}},"description":"Manages a Dual LLM Security Config in Archestra.","description_kind":"markdown"}},"archestra_limit":{"version":0,"block":{"attributes":{"entity_id":{"type":"string","description":"The entity ID this limit applies to","description_kind":"markdown","required":true},"entity_type":{"type":"string","description":"Entity type: organization, team, or profile","description_kind":"markdown","required":true},"id":{"type":"string","description":"Limit identifier","description_kind":"markdown","computed":true},"limit_type":{"type":"string","description":"Limit type: 'token_cost' (requires model), 'tool_calls' (requires mcp_server_name and tool_name), or 'mcp_server_calls' (requires mcp_server_name)","description_kind":"markdown","required":true},"limit_value":{"type":"number","description":"Limit threshold value","description_kind":"markdown","required":true},"mcp_server_name":{"type":"string","description":"Required when limit_type is 'mcp_server_calls' or 'tool_calls'. Name of the MCP server.","description_kind":"markdown","optional":true},"model":{"type":["list","string"],"description":"Required when limit_type is 'token_cost'. List of model names this limit applies to.","description_kind":"markdown","optional":true},"tool_name":{"type":"string","description":"Required when limit_type is 'tool_calls'. Name of the tool this limit applies to.","description_kind":"markdown","optional":true}},"description":"Manages usage limits in Archestra.","description_kind":"markdown"}},"archestra_mcp_registry_catalog_item":{"version":0,"block":{"attributes":{"auth_description":{"type":"string","description":"Description of the authentication requirements","description_kind":"markdown","optional":true},"auth_fields":{"nested_type":{"attributes":{"description":{"type":"string","description":"Description of the field","description_kind":"markdown","optional":true},"label":{"type":"string","description":"Display label for the field","description_kind":"markdown","required":true},"name":{"type":"string","description":"Field name (used as environment variable)","description_kind":"markdown","required":true},"required":{"type":"bool","description":"Whether this field is required","description_kind":"markdown","required":true},"type":{"type":"string","description":"Field type: 'text', 'password', 'select', etc.","description_kind":"markdown","required":true}},"nesting_mode":"list"},"description":"Custom authentication fields required by the MCP server","description_kind":"markdown","optional":true},"description":{"type":"string","description":"Description of the MCP server","description_kind":"markdown","optional":true},"docs_url":{"type":"string","description":"URL to the MCP server documentation","description_kind":"markdown","optional":true},"id":{"type":"string","description":"MCP server catalog identifier","description_kind":"markdown","computed":true},"installation_command":{"type":"string","description":"Installation command for the MCP server (e.g., npm install -g @example/mcp-server)","description_kind":"markdown","optional":true},"local_config":{"nested_type":{"attributes":{"arguments":{"type":["list","string"],"description":"Arguments to pass to the command","description_kind":"markdown","optional":true},"command":{"type":"string","description":"The executable command to run (e.g., 'node', 'python', 'npx'). Optional if Docker Image is set (will use image's default CMD).","description_kind":"markdown","optional":true},"docker_image":{"type":"string","description":"Custom Docker image URL. If not specified, Archestra's default base image will be used.","description_kind":"markdown","optional":true},"environment":{"type":["map","string"],"description":"Environment variables for the MCP server (KEY=value format)","description_kind":"markdown","optional":true},"http_path":{"type":"string","description":"HTTP path for streamable-http transport (e.g., '/sse')","description_kind":"markdown","optional":true},"http_port":{"type":"number","description":"HTTP port for streamable-http transport","description_kind":"markdown","optional":true},"transport_type":{"type":"string","description":"Transport type: 'stdio' or 'streamable-http'. Defaults to 'stdio'","description_kind":"markdown","optional":true}},"nesting_mode":"single"},"description":"Configuration for MCP servers run in the Archestra orchestrator MCP runtime","description_kind":"markdown","optional":true},"name":{"type":"string","description":"The name of the MCP server","description_kind":"markdown","required":true},"remote_config":{"nested_type":{"attributes":{"oauth_config":{"nested_type":{"attributes":{"client_id":{"type":"string","description":"OAuth Client ID. Leave empty if the server supports dynamic client registration.","description_kind":"markdown","optional":true},"client_secret":{"type":"string","description":"OAuth Client Secret (optional)","description_kind":"markdown","optional":true,"sensitive":true},"redirect_uris":{"type":["list","string"],"description":"Comma-separated list of redirect URIs","description_kind":"markdown","required":true},"scopes":{"type":["list","string"],"description":"List of OAuth scopes to request (e.g., ['read', 'write'])","description_kind":"markdown","optional":true},"supports_resource_metadata":{"type":"bool","description":"Enable if the server publishes OAuth metadata at /.well-known/oauth-authorization-server for automatic endpoint discovery","description_kind":"markdown","optional":true}},"nesting_mode":"single"},"description":"OAuth configuration for the remote MCP server. If not specified, users can authenticate with a Personal Access Token (PAT) via auth_fields.","description_kind":"markdown","optional":true},"url":{"type":"string","description":"The URL of the remote MCP server (e.g., https://api.githubcopilot.com/mcp/)","description_kind":"markdown","required":true}},"nesting_mode":"single"},"description":"Configuration for remote/hosted MCP servers accessed via HTTP","description_kind":"markdown","optional":true}},"description":"Manages an MCP server in the Private MCP Registry. This allows you to register local MCP servers that can then be installed by profiles.","description_kind":"markdown"}},"archestra_mcp_server_installation":{"version":0,"block":{"attributes":{"display_name":{"type":"string","description":"The actual name of the MCP server installation as returned by the API. The API may append a suffix to ensure uniqueness.","description_kind":"markdown","computed":true},"id":{"type":"string","description":"MCP server identifier","description_kind":"markdown","computed":true},"mcp_server_id":{"type":"string","description":"The MCP server ID from the private MCP registry (archestra_mcp_registry_catalog_item resource)","description_kind":"markdown","optional":true},"name":{"type":"string","description":"The name of the MCP server installation.","description_kind":"markdown","required":true}},"description":"Manages an Archestra MCP server installation.","description_kind":"markdown"}},"archestra_optimization_rule":{"version":0,"block":{"attributes":{"conditions":{"nested_type":{"attributes":{"has_tools":{"type":"bool","description":"Whether tools are present","description_kind":"markdown","optional":true},"max_length":{"type":"number","description":"Maximum token length threshold","description_kind":"markdown","optional":true}},"nesting_mode":"list"},"description":"Conditions that trigger the optimization","description_kind":"markdown","required":true},"enabled":{"type":"bool","description":"Whether the rule is enabled","description_kind":"markdown","optional":true,"computed":true},"entity_id":{"type":"string","description":"Entity ID this rule applies to","description_kind":"markdown","required":true},"entity_type":{"type":"string","description":"Entity type: organization, team, or profile","description_kind":"markdown","required":true},"id":{"type":"string","description":"Optimization rule identifier","description_kind":"markdown","computed":true},"llm_provider":{"type":"string","description":"LLM provider: openai, anthropic, or gemini","description_kind":"markdown","required":true},"target_model":{"type":"string","description":"Target model to switch to","description_kind":"markdown","required":true}},"description":"Manages cost optimization rules in Archestra.","description_kind":"markdown"}},"archestra_organization_settings":{"version":0,"block":{"attributes":{"color_theme":{"type":"string","description":"Color theme for the organization UI","description_kind":"markdown","optional":true,"computed":true},"compression_scope":{"type":"string","description":"Scope for tool results compression","description_kind":"markdown","optional":true,"computed":true},"convert_tool_results_to_toon":{"type":"bool","description":"Whether to convert tool results to TOON format for compression","description_kind":"markdown","optional":true,"computed":true},"font":{"type":"string","description":"Custom font for the organization UI","description_kind":"markdown","optional":true,"computed":true},"id":{"type":"string","description":"Organization identifier","description_kind":"markdown","computed":true},"limit_cleanup_interval":{"type":"string","description":"Interval for cleaning up usage limits. Valid values: 1h, 12h, 24h, 1w, 1m. Set to null to disable.","description_kind":"markdown","optional":true},"logo":{"type":"string","description":"Base64 encoded logo image for the organization","description_kind":"markdown","optional":true},"onboarding_complete":{"type":"bool","description":"Whether organization onboarding is complete","description_kind":"markdown","optional":true,"computed":true}},"description":"Manages organization settings in Archestra. This is a singleton resource - only one instance can exist per organization. Note: Running `terraform destroy` will only remove this resource from Terraform state; the organization settings will remain unchanged on the server.","description_kind":"markdown"}},"archestra_profile":{"version":0,"block":{"attributes":{"id":{"type":"string","description":"Profile identifier","description_kind":"markdown","computed":true},"labels":{"nested_type":{"attributes":{"key":{"type":"string","description":"Label key","description_kind":"markdown","required":true},"value":{"type":"string","description":"Label value","description_kind":"markdown","required":true}},"nesting_mode":"list"},"description":"Labels to organize and identify the profile","description_kind":"markdown","optional":true},"name":{"type":"string","description":"The name of the profile","description_kind":"markdown","required":true}},"description":"Manages an Archestra profile.","description_kind":"markdown"}},"archestra_profile_tool":{"version":0,"block":{"attributes":{"allow_usage_when_untrusted_data_is_present":{"type":"bool","description":"Whether to allow tool usage when untrusted data is present","description_kind":"markdown","optional":true,"computed":true},"credential_source_mcp_server_id":{"type":"string","description":"The ID of the MCP Server instance to use for credentials/authentication","description_kind":"markdown","optional":true},"execution_source_mcp_server_id":{"type":"string","description":"The ID of the MCP Server instance to use for execution","description_kind":"markdown","optional":true},"id":{"type":"string","description":"The unique identifier of the profile-tool assignment (Composite ID: profile_id:tool_id)","description_kind":"markdown","computed":true},"profile_id":{"type":"string","description":"The ID of the Profile to assign the tool to","description_kind":"markdown","required":true},"response_modifier_template":{"type":"string","description":"Template string to modify the tool response before it reaches the model","description_kind":"markdown","optional":true},"tool_id":{"type":"string","description":"The ID of the Tool to assign","description_kind":"markdown","required":true},"tool_result_treatment":{"type":"string","description":"How to treat tool results (trusted, sanitize_with_dual_llm, untrusted)","description_kind":"markdown","optional":true,"computed":true},"use_dynamic_team_credential":{"type":"bool","description":"If true, dynamically resolves credentials based on the team context at runtime","description_kind":"markdown","optional":true,"computed":true}},"description":"Assigns a tool to an Archestra Profile and configures its execution and security policies.","description_kind":"markdown"}},"archestra_prompt":{"version":0,"block":{"attributes":{"created_at":{"type":"string","description":"Timestamp when the prompt was created","description_kind":"markdown","computed":true},"id":{"type":"string","description":"Prompt identifier","description_kind":"markdown","computed":true},"is_active":{"type":"bool","description":"Whether the prompt is active","description_kind":"markdown","optional":true,"computed":true},"name":{"type":"string","description":"The name of the prompt","description_kind":"markdown","required":true},"parent_prompt_id":{"type":"string","description":"The identifier of the parent prompt if this is a version","description_kind":"markdown","optional":true,"computed":true},"profile_id":{"type":"string","description":"The profile identifier this prompt belongs to","description_kind":"markdown","required":true},"system_prompt":{"type":"string","description":"The system prompt template","description_kind":"markdown","optional":true},"updated_at":{"type":"string","description":"Timestamp when the prompt was last updated","description_kind":"markdown","computed":true},"user_prompt":{"type":"string","description":"The user prompt template","description_kind":"markdown","optional":true},"version":{"type":"number","description":"The version of the prompt","description_kind":"markdown","computed":true}},"description":"Manages a prompt in the Archestra private prompt registry.","description_kind":"markdown"}},"archestra_sso_provider":{"version":0,"block":{"attributes":{"domain":{"type":"string","description":"Organization domain associated with this provider.","description_kind":"markdown","required":true},"domain_verified":{"type":"bool","description":"Whether the domain has been verified.","description_kind":"markdown","computed":true},"id":{"type":"string","description":"SSO provider identifier","description_kind":"markdown","computed":true},"issuer":{"type":"string","description":"Issuer for this provider (OIDC issuer URL or SAML entity ID).","description_kind":"markdown","required":true},"organization_id":{"type":"string","description":"Organization ID for the provider.","description_kind":"markdown","computed":true},"provider_id":{"type":"string","description":"Unique provider identifier (e.g. Okta, Google, Keycloak).","description_kind":"markdown","required":true},"user_id":{"type":"string","description":"User who created the provider.","description_kind":"markdown","computed":true}},"block_types":{"oidc_config":{"nesting_mode":"single","block":{"attributes":{"authorization_endpoint":{"type":"string","description":"Override authorization endpoint.","description_kind":"markdown","optional":true},"client_id":{"type":"string","description":"OIDC client ID.","description_kind":"markdown","optional":true},"client_secret":{"type":"string","description":"OIDC client secret.","description_kind":"markdown","optional":true,"sensitive":true},"discovery_endpoint":{"type":"string","description":"Discovery endpoint (.well-known).","description_kind":"markdown","optional":true},"issuer":{"type":"string","description":"OIDC issuer URL.","description_kind":"markdown","optional":true},"jwks_endpoint":{"type":"string","description":"Override JWKS endpoint.","description_kind":"markdown","optional":true},"override_user_info":{"type":"bool","description":"Use token claims instead of userinfo when true.","description_kind":"markdown","optional":true,"computed":true},"pkce":{"type":"bool","description":"Enable PKCE.","description_kind":"markdown","optional":true,"computed":true},"scopes":{"type":["list","string"],"description":"OAuth scopes to request.","description_kind":"markdown","optional":true},"token_endpoint":{"type":"string","description":"Override token endpoint.","description_kind":"markdown","optional":true},"token_endpoint_authentication":{"type":"string","description":"Token endpoint auth method (client_secret_basic or client_secret_post).","description_kind":"markdown","optional":true},"user_info_endpoint":{"type":"string","description":"Override user info endpoint.","description_kind":"markdown","optional":true}},"block_types":{"mapping":{"nesting_mode":"single","block":{"attributes":{"email":{"type":"string","description_kind":"plain","optional":true},"email_verified":{"type":"string","description_kind":"plain","optional":true},"extra_fields":{"type":["map","string"],"description_kind":"plain","optional":true},"id":{"type":"string","description_kind":"plain","optional":true},"image":{"type":"string","description_kind":"plain","optional":true},"name":{"type":"string","description_kind":"plain","optional":true}},"description":"Attribute mapping for user fields.","description_kind":"markdown"}}},"description":"OIDC configuration (cannot be set with saml_config).","description_kind":"markdown"}},"role_mapping":{"nesting_mode":"single","block":{"attributes":{"default_role":{"type":"string","description_kind":"plain","optional":true},"rules":{"nested_type":{"attributes":{"expression":{"type":"string","description_kind":"plain","required":true},"role":{"type":"string","description_kind":"plain","required":true}},"nesting_mode":"list"},"description_kind":"plain","optional":true},"skip_role_sync":{"type":"bool","description_kind":"plain","optional":true},"strict_mode":{"type":"bool","description_kind":"plain","optional":true}},"description":"Optional role mapping rules using Handlebars expressions.","description_kind":"markdown"}},"saml_config":{"nesting_mode":"single","block":{"attributes":{"audience":{"type":"string","description_kind":"plain","optional":true},"callback_url":{"type":"string","description":"ACS callback URL.","description_kind":"markdown","optional":true},"cert":{"type":"string","description":"IdP certificate (X.509).","description_kind":"markdown","optional":true,"sensitive":true},"decryption_pvk":{"type":"string","description_kind":"plain","optional":true,"sensitive":true},"digest_algorithm":{"type":"string","description_kind":"plain","optional":true},"entry_point":{"type":"string","description":"IdP SSO entry point URL.","description_kind":"markdown","optional":true},"identifier_format":{"type":"string","description_kind":"plain","optional":true},"issuer":{"type":"string","description":"SAML issuer/entity ID.","description_kind":"markdown","optional":true},"private_key":{"type":"string","description_kind":"plain","optional":true,"sensitive":true},"signature_algorithm":{"type":"string","description_kind":"plain","optional":true},"want_assertions_signed":{"type":"bool","description_kind":"plain","optional":true}},"block_types":{"idp_metadata":{"nesting_mode":"single","block":{"attributes":{"cert":{"type":"string","description_kind":"plain","optional":true,"sensitive":true},"enc_private_key":{"type":"string","description_kind":"plain","optional":true,"sensitive":true},"enc_private_key_pass":{"type":"string","description_kind":"plain","optional":true,"sensitive":true},"entity_id":{"type":"string","description_kind":"plain","optional":true},"entity_url":{"type":"string","description_kind":"plain","optional":true},"is_assertion_encrypted":{"type":"bool","description_kind":"plain","optional":true},"metadata":{"type":"string","description_kind":"plain","optional":true},"private_key":{"type":"string","description_kind":"plain","optional":true,"sensitive":true},"private_key_pass":{"type":"string","description_kind":"plain","optional":true,"sensitive":true},"redirect_url":{"type":"string","description_kind":"plain","optional":true}},"block_types":{"single_sign_on_service":{"nesting_mode":"list","block":{"attributes":{"binding":{"type":"string","description_kind":"plain","required":true},"location":{"type":"string","description_kind":"plain","required":true}},"description_kind":"plain"}}},"description":"IdP metadata details.","description_kind":"markdown"}},"mapping":{"nesting_mode":"single","block":{"attributes":{"email":{"type":"string","description_kind":"plain","optional":true},"email_verified":{"type":"string","description_kind":"plain","optional":true},"extra_fields":{"type":["map","string"],"description_kind":"plain","optional":true},"first_name":{"type":"string","description_kind":"plain","optional":true},"id":{"type":"string","description_kind":"plain","optional":true},"last_name":{"type":"string","description_kind":"plain","optional":true},"name":{"type":"string","description_kind":"plain","optional":true}},"description":"Attribute mapping for user fields.","description_kind":"markdown"}},"sp_metadata":{"nesting_mode":"single","block":{"attributes":{"binding":{"type":"string","description_kind":"plain","optional":true},"enc_private_key":{"type":"string","description_kind":"plain","optional":true,"sensitive":true},"enc_private_key_pass":{"type":"string","description_kind":"plain","optional":true,"sensitive":true},"entity_id":{"type":"string","description_kind":"plain","optional":true},"is_assertion_encrypted":{"type":"bool","description_kind":"plain","optional":true},"metadata":{"type":"string","description_kind":"plain","optional":true},"private_key":{"type":"string","description_kind":"plain","optional":true,"sensitive":true},"private_key_pass":{"type":"string","description_kind":"plain","optional":true,"sensitive":true}},"description":"SP metadata details.","description_kind":"markdown"}}},"description":"SAML configuration (cannot be set with oidc_config).","description_kind":"markdown"}},"team_sync_config":{"nesting_mode":"single","block":{"attributes":{"enabled":{"type":"bool","description_kind":"plain","optional":true},"groups_expression":{"type":"string","description_kind":"plain","optional":true}},"description":"Optional team sync configuration for group extraction.","description_kind":"markdown"}}},"description":"Manages Archestra SSO providers (OIDC or SAML). Exactly one of oidc_config or saml_config must be set.","description_kind":"markdown"}},"archestra_team":{"version":0,"block":{"attributes":{"created_by":{"type":"string","description":"User ID of the team creator","description_kind":"markdown","computed":true},"description":{"type":"string","description":"Description of the team","description_kind":"markdown","optional":true},"id":{"type":"string","description":"Team identifier","description_kind":"markdown","computed":true},"members":{"nested_type":{"attributes":{"role":{"type":"string","description":"Role of the team member (default: member)","description_kind":"markdown","optional":true,"computed":true},"user_id":{"type":"string","description":"User ID of the team member","description_kind":"markdown","required":true}},"nesting_mode":"list"},"description":"List of team members","description_kind":"markdown","optional":true},"name":{"type":"string","description":"The name of the team","description_kind":"markdown","required":true},"organization_id":{"type":"string","description":"The organization ID this team belongs to","description_kind":"markdown","computed":true}},"description":"Manages an Archestra team with members.","description_kind":"markdown"}},"archestra_team_external_group":{"version":0,"block":{"attributes":{"external_group_id":{"type":"string","description":"External IdP group identifier (LDAP DN, OIDC group name, SAML attribute, etc).","description_kind":"markdown","required":true},"id":{"type":"string","description_kind":"plain","computed":true},"team_id":{"type":"string","description_kind":"plain","required":true}},"description":"Manages external identity provider group sync for a team.","description_kind":"markdown"}},"archestra_token_price":{"version":0,"block":{"attributes":{"id":{"type":"string","description":"Token price identifier","description_kind":"markdown","computed":true},"llm_provider":{"type":"string","description":"LLM provider: openai, anthropic, or gemini","description_kind":"markdown","required":true},"model":{"type":"string","description":"The model name","description_kind":"markdown","required":true},"price_per_million_input":{"type":"string","description":"Price per million input tokens","description_kind":"markdown","required":true},"price_per_million_output":{"type":"string","description":"Price per million output tokens","description_kind":"markdown","required":true}},"description":"Manages token pricing for LLM models in Archestra.","description_kind":"markdown"}},"archestra_tool_invocation_policy":{"version":0,"block":{"attributes":{"action":{"type":"string","description":"The action to take when the policy matches. Valid values: `allow_when_context_is_untrusted`, `block_always`","description_kind":"markdown","required":true},"argument_name":{"type":"string","description":"The argument name to match","description_kind":"markdown","required":true},"id":{"type":"string","description":"Policy identifier","description_kind":"markdown","computed":true},"operator":{"type":"string","description":"The comparison operator. Valid values: `equal`, `notEqual`, `contains`, `notContains`, `startsWith`, `endsWith`, `regex`","description_kind":"markdown","required":true},"profile_tool_id":{"type":"string","description":"The profile tool ID this policy applies to","description_kind":"markdown","required":true},"reason":{"type":"string","description":"Optional reason for the policy","description_kind":"markdown","optional":true},"value":{"type":"string","description":"The value to compare against","description_kind":"markdown","required":true}},"description":"Manages an Archestra tool invocation policy.","description_kind":"markdown"}},"archestra_trusted_data_policy":{"version":0,"block":{"attributes":{"action":{"type":"string","description":"The action to take when the policy matches. Valid values: `mark_as_trusted`, `block_always`, `sanitize_with_dual_llm` (default: `mark_as_trusted`)","description_kind":"markdown","optional":true,"computed":true},"attribute_path":{"type":"string","description":"The attribute path to match","description_kind":"markdown","required":true},"description":{"type":"string","description":"Description of the policy","description_kind":"markdown","required":true},"id":{"type":"string","description":"Policy identifier","description_kind":"markdown","computed":true},"operator":{"type":"string","description":"The comparison operator. Valid values: `equal`, `notEqual`, `contains`, `notContains`, `startsWith`, `endsWith`, `regex`","description_kind":"markdown","required":true},"profile_tool_id":{"type":"string","description":"The profile tool ID this policy applies to","description_kind":"markdown","required":true},"value":{"type":"string","description":"The value to compare against","description_kind":"markdown","required":true}},"description":"Manages an Archestra trusted data policy.","description_kind":"markdown"}}},"data_source_schemas":{"archestra_mcp_server_tool":{"version":0,"block":{"attributes":{"description":{"type":"string","description":"Tool description","description_kind":"markdown","computed":true},"id":{"type":"string","description":"Tool identifier","description_kind":"markdown","computed":true},"mcp_server_id":{"type":"string","description":"The MCP server ID","description_kind":"markdown","required":true},"name":{"type":"string","description":"The name of the tool","description_kind":"markdown","required":true}},"description":"Fetches a tool from an MCP server by MCP server ID and tool name. This data source is useful for looking up tools provided by MCP servers.","description_kind":"markdown"}},"archestra_profile_tool":{"version":0,"block":{"attributes":{"allow_usage_when_untrusted_data_is_present":{"type":"bool","description":"Whether to allow tool usage when untrusted data is present","description_kind":"markdown","computed":true},"id":{"type":"string","description":"Profile tool identifier (use this for policy profile_tool_id)","description_kind":"markdown","computed":true},"profile_id":{"type":"string","description":"The profile ID","description_kind":"markdown","required":true},"response_modifier_template":{"type":"string","description":"Optional response modifier template","description_kind":"markdown","computed":true},"tool_id":{"type":"string","description":"The tool ID","description_kind":"markdown","computed":true},"tool_name":{"type":"string","description":"The name of the tool","description_kind":"markdown","required":true},"tool_result_treatment":{"type":"string","description":"How to treat tool results (trusted/untrusted)","description_kind":"markdown","computed":true}},"description":"Fetches a profile tool by profile ID and tool name. This data source is useful for looking up the profile_tool_id needed to create trusted data policies and tool invocation policies.","description_kind":"markdown"}},"archestra_prompt":{"version":0,"block":{"attributes":{"created_at":{"type":"string","description":"Timestamp when the prompt was created","description_kind":"markdown","computed":true},"id":{"type":"string","description":"Prompt identifier","description_kind":"markdown","optional":true,"computed":true},"is_active":{"type":"bool","description":"Whether the prompt is active","description_kind":"markdown","computed":true},"name":{"type":"string","description":"The name of the prompt","description_kind":"markdown","optional":true,"computed":true},"parent_prompt_id":{"type":"string","description":"The identifier of the parent prompt if this is a version","description_kind":"markdown","computed":true},"profile_id":{"type":"string","description":"The profile identifier this prompt belongs to","description_kind":"markdown","computed":true},"system_prompt":{"type":"string","description":"The system prompt template","description_kind":"markdown","computed":true},"updated_at":{"type":"string","description":"Timestamp when the prompt was last updated","description_kind":"markdown","computed":true},"user_prompt":{"type":"string","description":"The user prompt template","description_kind":"markdown","computed":true},"version":{"type":"number","description":"The version of the prompt","description_kind":"markdown","computed":true}},"description":"Provides information about a specific Archestra prompt.","description_kind":"markdown"}},"archestra_prompt_versions":{"version":0,"block":{"attributes":{"prompt_id":{"type":"string","description":"The identifier of the prompt to list versions for","description_kind":"markdown","required":true},"versions":{"nested_type":{"attributes":{"id":{"type":"string","description":"Version identifier","description_kind":"markdown","computed":true},"is_active":{"type":"bool","description":"Whether this version is active","description_kind":"markdown","computed":true},"name":{"type":"string","description":"The name of the prompt at this version","description_kind":"markdown","computed":true},"system_prompt":{"type":"string","description":"The system prompt at this version","description_kind":"markdown","computed":true},"updated_at":{"type":"string","description":"Timestamp when this version was created/updated","description_kind":"markdown","computed":true},"user_prompt":{"type":"string","description":"The user prompt at this version","description_kind":"markdown","computed":true},"version":{"type":"number","description":"The version number","description_kind":"markdown","computed":true}},"nesting_mode":"list"},"description":"List of prompt versions","description_kind":"markdown","computed":true}},"description":"Provides a list of versions for a specific Archestra prompt.","description_kind":"markdown"}},"archestra_team":{"version":0,"block":{"attributes":{"created_by":{"type":"string","description":"User ID of the team creator","description_kind":"markdown","computed":true},"description":{"type":"string","description":"Description of the team","description_kind":"markdown","computed":true},"id":{"type":"string","description":"Team identifier","description_kind":"markdown","required":true},"members":{"nested_type":{"attributes":{"role":{"type":"string","description":"Role of the team member","description_kind":"markdown","computed":true},"user_id":{"type":"string","description":"User ID of the team member","description_kind":"markdown","computed":true}},"nesting_mode":"list"},"description":"List of team members","description_kind":"markdown","computed":true},"name":{"type":"string","description":"The name of the team","description_kind":"markdown","computed":true},"organization_id":{"type":"string","description":"The organization ID this team belongs to","description_kind":"markdown","computed":true}},"description":"Fetches an Archestra team by ID.","description_kind":"markdown"}},"archestra_team_external_groups":{"version":0,"block":{"attributes":{"groups":{"nested_type":{"attributes":{"created_at":{"type":"string","description_kind":"plain","computed":true},"group_identifier":{"type":"string","description_kind":"plain","computed":true},"id":{"type":"string","description_kind":"plain","computed":true},"team_id":{"type":"string","description_kind":"plain","computed":true}},"nesting_mode":"list"},"description":"The list of external groups associated with the team.","description_kind":"markdown","computed":true},"team_id":{"type":"string","description":"The ID of the team whose external groups will be listed.","description_kind":"markdown","required":true}},"description":"Lists all external groups synced to an Archestra team.","description_kind":"markdown"}},"archestra_token_prices":{"version":0,"block":{"attributes":{"token_prices":{"nested_type":{"attributes":{"id":{"type":"string","description":"Token price identifier","description_kind":"markdown","computed":true},"model":{"type":"string","description":"The model name","description_kind":"markdown","computed":true},"price_per_million_input":{"type":"string","description":"Price per million input tokens","description_kind":"markdown","computed":true},"price_per_million_output":{"type":"string","description":"Price per million output tokens","description_kind":"markdown","computed":true}},"nesting_mode":"list"},"description":"List of token prices","description_kind":"markdown","computed":true}},"description":"Fetches all token prices from Archestra.","description_kind":"markdown"}}}},"registry.terraform.io/hashicorp/time":{"provider":{"version":0,"block":{"description_kind":"plain"}},"resource_schemas":{"time_offset":{"version":0,"block":{"attributes":{"base_rfc3339":{"type":"string","description":"Base timestamp in [RFC3339](https://datatracker.ietf.org/doc/html/rfc3339#section-5.8) format (see [RFC3339 time string](https://tools.ietf.org/html/rfc3339#section-5.8) e.g., `YYYY-MM-DDTHH:MM:SSZ`). Defaults to the current time.","description_kind":"plain","optional":true,"computed":true},"day":{"type":"number","description":"Number day of offset timestamp.","description_kind":"plain","computed":true},"hour":{"type":"number","description":"Number hour of offset timestamp.","description_kind":"plain","computed":true},"id":{"type":"string","description":"RFC3339 format of the offset timestamp, e.g. `2020-02-12T06:36:13Z`.","description_kind":"plain","computed":true},"minute":{"type":"number","description":"Number minute of offset timestamp.","description_kind":"plain","computed":true},"month":{"type":"number","description":"Number month of offset timestamp.","description_kind":"plain","computed":true},"offset_days":{"type":"number","description":"Number of days to offset the base timestamp. At least one of the 'offset_' arguments must be configured.","description_kind":"plain","optional":true},"offset_hours":{"type":"number","description":" Number of hours to offset the base timestamp. At least one of the 'offset_' arguments must be configured.","description_kind":"plain","optional":true},"offset_minutes":{"type":"number","description":"Number of minutes to offset the base timestamp. At least one of the 'offset_' arguments must be configured.","description_kind":"plain","optional":true},"offset_months":{"type":"number","description":"Number of months to offset the base timestamp. At least one of the 'offset_' arguments must be configured.","description_kind":"plain","optional":true},"offset_seconds":{"type":"number","description":"Number of seconds to offset the base timestamp. At least one of the 'offset_' arguments must be configured.","description_kind":"plain","optional":true},"offset_years":{"type":"number","description":"Number of years to offset the base timestamp. At least one of the 'offset_' arguments must be configured.","description_kind":"plain","optional":true},"rfc3339":{"type":"string","description":"RFC3339 format of the offset timestamp, e.g. `2020-02-12T06:36:13Z`.","description_kind":"plain","computed":true},"second":{"type":"number","description":"Number second of offset timestamp.","description_kind":"plain","computed":true},"triggers":{"type":["map","string"],"description":"Arbitrary map of values that, when changed, will trigger a new base timestamp value to be saved. See [the main provider documentation](../index.md) for more information.","description_kind":"plain","optional":true},"unix":{"type":"number","description":"Number of seconds since epoch time, e.g. `1581489373`.","description_kind":"plain","computed":true},"year":{"type":"number","description":"Number year of offset timestamp.","description_kind":"plain","computed":true}},"description":"Manages an offset time resource, which keeps an UTC timestamp stored in the Terraform state that is offset from a locally sourced base timestamp. This prevents perpetual differences caused by using the [`timestamp()` function](https://www.terraform.io/docs/configuration/functions/timestamp.html).","description_kind":"plain"}},"time_rotating":{"version":0,"block":{"attributes":{"day":{"type":"number","description":"Number day of timestamp.","description_kind":"plain","computed":true},"hour":{"type":"number","description":"Number hour of timestamp.","description_kind":"plain","computed":true},"id":{"type":"string","description":"RFC3339 format of the timestamp, e.g. `2020-02-12T06:36:13Z`.","description_kind":"plain","computed":true},"minute":{"type":"number","description":"Number minute of timestamp.","description_kind":"plain","computed":true},"month":{"type":"number","description":"Number month of timestamp.","description_kind":"plain","computed":true},"rfc3339":{"type":"string","description":"Base timestamp in [RFC3339](https://datatracker.ietf.org/doc/html/rfc3339#section-5.8) format (see [RFC3339 time string](https://tools.ietf.org/html/rfc3339#section-5.8) e.g., `YYYY-MM-DDTHH:MM:SSZ`). Defaults to the current time.","description_kind":"plain","optional":true,"computed":true},"rotation_days":{"type":"number","description":"Number of days to add to the base timestamp to configure the rotation timestamp. When the current time has passed the rotation timestamp, the resource will trigger recreation. At least one of the 'rotation_' arguments must be configured.","description_kind":"plain","optional":true},"rotation_hours":{"type":"number","description":"Number of hours to add to the base timestamp to configure the rotation timestamp. When the current time has passed the rotation timestamp, the resource will trigger recreation. At least one of the 'rotation_' arguments must be configured.","description_kind":"plain","optional":true},"rotation_minutes":{"type":"number","description":"Number of minutes to add to the base timestamp to configure the rotation timestamp. When the current time has passed the rotation timestamp, the resource will trigger recreation. At least one of the 'rotation_' arguments must be configured.","description_kind":"plain","optional":true},"rotation_months":{"type":"number","description":"Number of months to add to the base timestamp to configure the rotation timestamp. When the current time has passed the rotation timestamp, the resource will trigger recreation. At least one of the 'rotation_' arguments must be configured.","description_kind":"plain","optional":true},"rotation_rfc3339":{"type":"string","description":"Configure the rotation timestamp with an [RFC3339](https://datatracker.ietf.org/doc/html/rfc3339#section-5.8) format of the offset timestamp. When the current time has passed the rotation timestamp, the resource will trigger recreation. At least one of the 'rotation_' arguments must be configured.","description_kind":"plain","optional":true,"computed":true},"rotation_years":{"type":"number","description":"Number of years to add to the base timestamp to configure the rotation timestamp. When the current time has passed the rotation timestamp, the resource will trigger recreation. At least one of the 'rotation_' arguments must be configured.","description_kind":"plain","optional":true},"second":{"type":"number","description":"Number second of timestamp.","description_kind":"plain","computed":true},"triggers":{"type":["map","string"],"description":"Arbitrary map of values that, when changed, will trigger a new base timestamp value to be saved. These conditions recreate the resource in addition to other rotation arguments. See [the main provider documentation](../index.md) for more information.","description_kind":"plain","optional":true},"unix":{"type":"number","description":"Number of seconds since epoch time, e.g. `1581489373`.","description_kind":"plain","computed":true},"year":{"type":"number","description":"Number year of timestamp.","description_kind":"plain","computed":true}},"description":"Manages a rotating time resource, which keeps a rotating UTC timestamp stored in the Terraform state and proposes resource recreation when the locally sourced current time is beyond the rotation time. This rotation only occurs when Terraform is executed, meaning there will be drift between the rotation timestamp and actual rotation. The new rotation timestamp offset includes this drift. This prevents perpetual differences caused by using the [`timestamp()` function](https://www.terraform.io/docs/configuration/functions/timestamp.html) by only forcing a new value on the set cadence.","description_kind":"plain"}},"time_sleep":{"version":0,"block":{"attributes":{"create_duration":{"type":"string","description":"[Time duration](https://golang.org/pkg/time/#ParseDuration) to delay resource creation. For example, `30s` for 30 seconds or `5m` for 5 minutes. Updating this value by itself will not trigger a delay.","description_kind":"plain","optional":true},"destroy_duration":{"type":"string","description":"[Time duration](https://golang.org/pkg/time/#ParseDuration) to delay resource destroy. For example, `30s` for 30 seconds or `5m` for 5 minutes. Updating this value by itself will not trigger a delay. This value or any updates to it must be successfully applied into the Terraform state before destroying this resource to take effect.","description_kind":"plain","optional":true},"id":{"type":"string","description":"RFC3339 format of the offset timestamp, e.g. `2020-02-12T06:36:13Z`.","description_kind":"plain","computed":true},"triggers":{"type":["map","string"],"description":"(Optional) Arbitrary map of values that, when changed, will run any creation or destroy delays again. See [the main provider documentation](../index.md) for more information.","description_kind":"plain","optional":true}},"description":"Manages a resource that delays creation and/or destruction, typically for further resources. This prevents cross-platform compatibility and destroy-time issues with using the [`local-exec` provisioner](https://www.terraform.io/docs/provisioners/local-exec.html).","description_kind":"plain"}},"time_static":{"version":0,"block":{"attributes":{"day":{"type":"number","description":"Number day of timestamp.","description_kind":"plain","computed":true},"hour":{"type":"number","description":"Number hour of timestamp.","description_kind":"plain","computed":true},"id":{"type":"string","description":"RFC3339 format of the offset timestamp, e.g. `2020-02-12T06:36:13Z`.","description_kind":"plain","computed":true},"minute":{"type":"number","description":"Number minute of timestamp.","description_kind":"plain","computed":true},"month":{"type":"number","description":"Number month of timestamp.","description_kind":"plain","computed":true},"rfc3339":{"type":"string","description":"Base timestamp in [RFC3339](https://datatracker.ietf.org/doc/html/rfc3339#section-5.8) format (see [RFC3339 time string](https://tools.ietf.org/html/rfc3339#section-5.8) e.g., `YYYY-MM-DDTHH:MM:SSZ`). Defaults to the current time.","description_kind":"plain","optional":true,"computed":true},"second":{"type":"number","description":"Number second of timestamp.","description_kind":"plain","computed":true},"triggers":{"type":["map","string"],"description":"Arbitrary map of values that, when changed, will trigger a new base timestamp value to be saved. See [the main provider documentation](../index.md) for more information.","description_kind":"plain","optional":true},"unix":{"type":"number","description":"Number of seconds since epoch time, e.g. `1581489373`.","description_kind":"plain","computed":true},"year":{"type":"number","description":"Number year of timestamp.","description_kind":"plain","computed":true}},"description":"Manages a static time resource, which keeps a locally sourced UTC timestamp stored in the Terraform state. This prevents perpetual differences caused by using the [`timestamp()` function](https://www.terraform.io/docs/configuration/functions/timestamp.html).","description_kind":"plain"}}},"functions":{"duration_parse":{"description":"Given a [Go duration string](https://pkg.go.dev/time#ParseDuration), will parse and return an object representation of that duration.","summary":"Parse a [Go duration string](https://pkg.go.dev/time#ParseDuration) into an object","return_type":["object",{"hours":"number","microseconds":"number","milliseconds":"number","minutes":"number","nanoseconds":"number","seconds":"number"}],"parameters":[{"name":"duration","description":"Go time package duration string to parse","type":"string"}]},"rfc3339_parse":{"description":"Given an RFC3339 timestamp string, will parse and return an object representation of that date and time.","summary":"Parse an RFC3339 timestamp string into an object","return_type":["object",{"day":"number","hour":"number","iso_week":"number","iso_year":"number","minute":"number","month":"number","month_name":"string","second":"number","unix":"number","weekday":"number","weekday_name":"string","year":"number","year_day":"number"}],"parameters":[{"name":"timestamp","description":"RFC3339 timestamp string to parse","type":"string"}]},"unix_timestamp_parse":{"description":"Given a unix timestamp integer, will parse and return an object representation of that date and time. A unix timestamp is the number of seconds elapsed since January 1, 1970 UTC.","summary":"Parse a unix timestamp integer into an object","return_type":["object",{"day":"number","hour":"number","iso_week":"number","iso_year":"number","minute":"number","month":"number","month_name":"string","rfc3339":"string","second":"number","weekday":"number","weekday_name":"string","year":"number","year_day":"number"}],"parameters":[{"name":"unix_timestamp","description":"Unix Timestamp integer to parse","type":"number"}]}}}}}
